// !$*UTF8*$!
{
	archiveVersion = 1;
	classes = {
	};
	objectVersion = 56;
	objects = {

/* Begin PBXBuildFile section */
		3018D29B2A93E7420021EC27 /* SettingsView.swift in Sources */ = {isa = PBXBuildFile; fileRef = 3018D29A2A93E7420021EC27 /* SettingsView.swift */; };
		3018D29D2A93EF630021EC27 /* SettingsFeature.swift in Sources */ = {isa = PBXBuildFile; fileRef = 3018D29C2A93EF630021EC27 /* SettingsFeature.swift */; };
		3018D29F2A93EF790021EC27 /* SettingsClient.swift in Sources */ = {isa = PBXBuildFile; fileRef = 3018D29E2A93EF790021EC27 /* SettingsClient.swift */; };
		3018D2A12A93EF950021EC27 /* SettingsClient+Live.swift in Sources */ = {isa = PBXBuildFile; fileRef = 3018D2A02A93EF950021EC27 /* SettingsClient+Live.swift */; };
		3018D2A32A93EFC40021EC27 /* SettingsClient+Mock.swift in Sources */ = {isa = PBXBuildFile; fileRef = 3018D2A22A93EFC40021EC27 /* SettingsClient+Mock.swift */; };
		302159692A7C33B2008C92A3 /* SFSymbols.swift in Sources */ = {isa = PBXBuildFile; fileRef = 302159682A7C33B2008C92A3 /* SFSymbols.swift */; };
		3021596D2A7D8145008C92A3 /* Localizable.xcstrings in Resources */ = {isa = PBXBuildFile; fileRef = 3021596C2A7D8145008C92A3 /* Localizable.xcstrings */; };
		302159762A7EA8E1008C92A3 /* LotteryView.swift in Sources */ = {isa = PBXBuildFile; fileRef = 302159752A7EA8E1008C92A3 /* LotteryView.swift */; };
		302159782A7EB41B008C92A3 /* NTLoadingButton.swift in Sources */ = {isa = PBXBuildFile; fileRef = 302159772A7EB41B008C92A3 /* NTLoadingButton.swift */; };
		3021597A2A7EC3C3008C92A3 /* LotteryFeature.swift in Sources */ = {isa = PBXBuildFile; fileRef = 302159792A7EC3C3008C92A3 /* LotteryFeature.swift */; };
		3021597C2A7EC3D7008C92A3 /* LotteryClient.swift in Sources */ = {isa = PBXBuildFile; fileRef = 3021597B2A7EC3D7008C92A3 /* LotteryClient.swift */; };
		3021597F2A7ED4C9008C92A3 /* RankingView.swift in Sources */ = {isa = PBXBuildFile; fileRef = 3021597E2A7ED4C9008C92A3 /* RankingView.swift */; };
		30399D612A8DEBBB0083AC03 /* SendMoneyView.swift in Sources */ = {isa = PBXBuildFile; fileRef = 30399D602A8DEBBB0083AC03 /* SendMoneyView.swift */; };
		3039F0ED2A8E9CA900FF9C1A /* SendMoneyFeature.swift in Sources */ = {isa = PBXBuildFile; fileRef = 3039F0EC2A8E9CA900FF9C1A /* SendMoneyFeature.swift */; };
		3039F0EF2A8E9CDE00FF9C1A /* SendMoneyClient.swift in Sources */ = {isa = PBXBuildFile; fileRef = 3039F0EE2A8E9CDE00FF9C1A /* SendMoneyClient.swift */; };
		3039F0F12A8E9D4C00FF9C1A /* SendMoneyClient+Live.swift in Sources */ = {isa = PBXBuildFile; fileRef = 3039F0F02A8E9D4C00FF9C1A /* SendMoneyClient+Live.swift */; };
		3039F0F32A8E9D5200FF9C1A /* SendMoneyClient+Mock.swift in Sources */ = {isa = PBXBuildFile; fileRef = 3039F0F22A8E9D5200FF9C1A /* SendMoneyClient+Mock.swift */; };
		3039F0FE2A90258400FF9C1A /* AuthenticationFeature.swift in Sources */ = {isa = PBXBuildFile; fileRef = 3039F0FD2A90258400FF9C1A /* AuthenticationFeature.swift */; };
		3039F1002A9026EC00FF9C1A /* AuthenticationClient.swift in Sources */ = {isa = PBXBuildFile; fileRef = 3039F0FF2A9026EC00FF9C1A /* AuthenticationClient.swift */; };
		3039F1052A9038C500FF9C1A /* AuthenticationClient+Live.swift in Sources */ = {isa = PBXBuildFile; fileRef = 3039F1042A9038C500FF9C1A /* AuthenticationClient+Live.swift */; };
		3039F1072A9038C900FF9C1A /* AuthenticationClient+Mock.swift in Sources */ = {isa = PBXBuildFile; fileRef = 3039F1062A9038C900FF9C1A /* AuthenticationClient+Mock.swift */; };
		303D81312A79504D0043B6C4 /* NTBankerApp.swift in Sources */ = {isa = PBXBuildFile; fileRef = 303D81302A79504D0043B6C4 /* NTBankerApp.swift */; };
		303D81332A79504D0043B6C4 /* ContentView.swift in Sources */ = {isa = PBXBuildFile; fileRef = 303D81322A79504D0043B6C4 /* ContentView.swift */; };
		303D81352A79504F0043B6C4 /* Assets.xcassets in Resources */ = {isa = PBXBuildFile; fileRef = 303D81342A79504F0043B6C4 /* Assets.xcassets */; };
		303D81382A79504F0043B6C4 /* Preview Assets.xcassets in Resources */ = {isa = PBXBuildFile; fileRef = 303D81372A79504F0043B6C4 /* Preview Assets.xcassets */; };
		303D81422A79504F0043B6C4 /* NTBankerTests.swift in Sources */ = {isa = PBXBuildFile; fileRef = 303D81412A79504F0043B6C4 /* NTBankerTests.swift */; };
		303D814C2A79504F0043B6C4 /* NTBankerUITests.swift in Sources */ = {isa = PBXBuildFile; fileRef = 303D814B2A79504F0043B6C4 /* NTBankerUITests.swift */; };
		303D814E2A79504F0043B6C4 /* NTBankerUITestsLaunchTests.swift in Sources */ = {isa = PBXBuildFile; fileRef = 303D814D2A79504F0043B6C4 /* NTBankerUITestsLaunchTests.swift */; };
		306B3E5D2A7954A200B86060 /* ComposableArchitecture in Frameworks */ = {isa = PBXBuildFile; productRef = 306B3E5C2A7954A200B86060 /* ComposableArchitecture */; };
		306B3E632A79579F00B86060 /* WelcomeView.swift in Sources */ = {isa = PBXBuildFile; fileRef = 306B3E622A79579F00B86060 /* WelcomeView.swift */; };
		306B3E722A79713F00B86060 /* LoginView.swift in Sources */ = {isa = PBXBuildFile; fileRef = 306B3E712A79713F00B86060 /* LoginView.swift */; };
		306B3E752A79717900B86060 /* NTLogoHeaderView.swift in Sources */ = {isa = PBXBuildFile; fileRef = 306B3E742A79717900B86060 /* NTLogoHeaderView.swift */; };
		306B3E792A79754500B86060 /* NTTextfieldStyle.swift in Sources */ = {isa = PBXBuildFile; fileRef = 306B3E782A79754500B86060 /* NTTextfieldStyle.swift */; };
		306B3E7E2A7985A800B86060 /* SignupView.swift in Sources */ = {isa = PBXBuildFile; fileRef = 306B3E7D2A7985A800B86060 /* SignupView.swift */; };
		306B3E812A79914E00B86060 /* SignupFeature.swift in Sources */ = {isa = PBXBuildFile; fileRef = 306B3E802A79914E00B86060 /* SignupFeature.swift */; };
		306FF8DC2A7F2D7200A913E5 /* HomeView.swift in Sources */ = {isa = PBXBuildFile; fileRef = 306FF8DB2A7F2D7200A913E5 /* HomeView.swift */; };
		306FF8DE2A7F340200A913E5 /* QuickActionCardView.swift in Sources */ = {isa = PBXBuildFile; fileRef = 306FF8DD2A7F340200A913E5 /* QuickActionCardView.swift */; };
		308CD2E82A93D4AF008B9389 /* AppClient.swift in Sources */ = {isa = PBXBuildFile; fileRef = 308CD2E72A93D4AF008B9389 /* AppClient.swift */; };
		308CD2EA2A93D4CE008B9389 /* AppClient+Live.swift in Sources */ = {isa = PBXBuildFile; fileRef = 308CD2E92A93D4CE008B9389 /* AppClient+Live.swift */; };
		308CD2EC2A93D4F5008B9389 /* AppReducer.swift in Sources */ = {isa = PBXBuildFile; fileRef = 308CD2EB2A93D4F5008B9389 /* AppReducer.swift */; };
		308CD2EE2A93D52C008B9389 /* AppClient+Mock.swift in Sources */ = {isa = PBXBuildFile; fileRef = 308CD2ED2A93D52C008B9389 /* AppClient+Mock.swift */; };
		309E50BA2A8138FE00C5A4F2 /* QuickActionView.swift in Sources */ = {isa = PBXBuildFile; fileRef = 309E50B92A8138FE00C5A4F2 /* QuickActionView.swift */; };
		309E50BC2A813AC300C5A4F2 /* TransactionView.swift in Sources */ = {isa = PBXBuildFile; fileRef = 309E50BB2A813AC300C5A4F2 /* TransactionView.swift */; };
		309E50BE2A813E9000C5A4F2 /* NTSymbolView.swift in Sources */ = {isa = PBXBuildFile; fileRef = 309E50BD2A813E9000C5A4F2 /* NTSymbolView.swift */; };
		309E50C02A813F2900C5A4F2 /* QuickAction.swift in Sources */ = {isa = PBXBuildFile; fileRef = 309E50BF2A813F2900C5A4F2 /* QuickAction.swift */; };
		309E50C22A81400700C5A4F2 /* Transaction.swift in Sources */ = {isa = PBXBuildFile; fileRef = 309E50C12A81400700C5A4F2 /* Transaction.swift */; };
		30A7FEBC2A79A03600912327 /* NTCardColorPickerView.swift in Sources */ = {isa = PBXBuildFile; fileRef = 30A7FEBB2A79A03600912327 /* NTCardColorPickerView.swift */; };
		30A7FEC52A7B3E2200912327 /* LoginFeature.swift in Sources */ = {isa = PBXBuildFile; fileRef = 30A7FEC42A7B3E2200912327 /* LoginFeature.swift */; };
		30A7FED22A7BEE4C00912327 /* User.swift in Sources */ = {isa = PBXBuildFile; fileRef = 30A7FED12A7BEE4C00912327 /* User.swift */; };
		30A7FED52A7BEE6400912327 /* CardColor.swift in Sources */ = {isa = PBXBuildFile; fileRef = 30A7FED42A7BEE6400912327 /* CardColor.swift */; };
		30D23DCD2A8D6677005F83A9 /* TransactionActionType.swift in Sources */ = {isa = PBXBuildFile; fileRef = 30D23DCC2A8D6677005F83A9 /* TransactionActionType.swift */; };
		30DE664D2A7EDF6100B2525B /* RankingFeature.swift in Sources */ = {isa = PBXBuildFile; fileRef = 30DE664C2A7EDF6100B2525B /* RankingFeature.swift */; };
		30DE664F2A7EE04200B2525B /* RankingClient.swift in Sources */ = {isa = PBXBuildFile; fileRef = 30DE664E2A7EE04200B2525B /* RankingClient.swift */; };
		30DE66512A7EE7EE00B2525B /* NTCreditCardView.swift in Sources */ = {isa = PBXBuildFile; fileRef = 30DE66502A7EE7EE00B2525B /* NTCreditCardView.swift */; };
		30ED62BD2A829BAF0016A880 /* HomeFeature.swift in Sources */ = {isa = PBXBuildFile; fileRef = 30ED62BC2A829BAF0016A880 /* HomeFeature.swift */; };
		30ED62BF2A829BDC0016A880 /* HomeClient.swift in Sources */ = {isa = PBXBuildFile; fileRef = 30ED62BE2A829BDC0016A880 /* HomeClient.swift */; };
		30ED62C12A829C6F0016A880 /* HomeClient+Live.swift in Sources */ = {isa = PBXBuildFile; fileRef = 30ED62C02A829C6F0016A880 /* HomeClient+Live.swift */; };
		30ED62C32A829CB90016A880 /* HomeClient+Mock.swift in Sources */ = {isa = PBXBuildFile; fileRef = 30ED62C22A829CB90016A880 /* HomeClient+Mock.swift */; };
		30ED62C82A82C4DD0016A880 /* HomeTabView.swift in Sources */ = {isa = PBXBuildFile; fileRef = 30ED62C72A82C4DD0016A880 /* HomeTabView.swift */; };
		30ED62CB2A82CB9F0016A880 /* FirebaseAuth in Frameworks */ = {isa = PBXBuildFile; productRef = 30ED62CA2A82CB9F0016A880 /* FirebaseAuth */; };
		30ED62CD2A82CB9F0016A880 /* FirebaseFirestore in Frameworks */ = {isa = PBXBuildFile; productRef = 30ED62CC2A82CB9F0016A880 /* FirebaseFirestore */; };
		30ED62CF2A82CB9F0016A880 /* FirebaseFirestoreSwift in Frameworks */ = {isa = PBXBuildFile; productRef = 30ED62CE2A82CB9F0016A880 /* FirebaseFirestoreSwift */; };
		30ED62D32A82DCBB0016A880 /* GoogleService-Info.plist in Resources */ = {isa = PBXBuildFile; fileRef = 30ED62D22A82DCBB0016A880 /* GoogleService-Info.plist */; };
		30ED62D72A83C82D0016A880 /* FirebaseStringType.swift in Sources */ = {isa = PBXBuildFile; fileRef = 30ED62D62A83C82D0016A880 /* FirebaseStringType.swift */; };
		30ED62E02A852E880016A880 /* OSLogger+Extension.swift in Sources */ = {isa = PBXBuildFile; fileRef = 30ED62DF2A852E880016A880 /* OSLogger+Extension.swift */; };
		30ED62E22A8541B70016A880 /* RankingClient+Live.swift in Sources */ = {isa = PBXBuildFile; fileRef = 30ED62E12A8541B70016A880 /* RankingClient+Live.swift */; };
		30ED62E42A8541BE0016A880 /* RankingClient+Mock.swift in Sources */ = {isa = PBXBuildFile; fileRef = 30ED62E32A8541BE0016A880 /* RankingClient+Mock.swift */; };
		30ED62E62A8567EC0016A880 /* LotteryClient+Live.swift in Sources */ = {isa = PBXBuildFile; fileRef = 30ED62E52A8567EC0016A880 /* LotteryClient+Live.swift */; };
		30ED62E82A8567F40016A880 /* LotteryClient+Mock.swift in Sources */ = {isa = PBXBuildFile; fileRef = 30ED62E72A8567F40016A880 /* LotteryClient+Mock.swift */; };
		30ED62EA2A8572760016A880 /* NTError.swift in Sources */ = {isa = PBXBuildFile; fileRef = 30ED62E92A8572760016A880 /* NTError.swift */; };
		30ED7BC62A8690A500834553 /* TransactionFeature.swift in Sources */ = {isa = PBXBuildFile; fileRef = 30ED7BC52A8690A500834553 /* TransactionFeature.swift */; };
		30ED7BC82A86911D00834553 /* TransactionClient.swift in Sources */ = {isa = PBXBuildFile; fileRef = 30ED7BC72A86911D00834553 /* TransactionClient.swift */; };
		30ED7BCA2A86912500834553 /* TransactionClient+Live.swift in Sources */ = {isa = PBXBuildFile; fileRef = 30ED7BC92A86912500834553 /* TransactionClient+Live.swift */; };
		30ED7BCC2A86912F00834553 /* TransactionClient+Mock.swift in Sources */ = {isa = PBXBuildFile; fileRef = 30ED7BCB2A86912F00834553 /* TransactionClient+Mock.swift */; };
		30ED7BCE2A86981B00834553 /* QuickActionFeature.swift in Sources */ = {isa = PBXBuildFile; fileRef = 30ED7BCD2A86981B00834553 /* QuickActionFeature.swift */; };
		30ED7BD02A86982000834553 /* QuickActionClient.swift in Sources */ = {isa = PBXBuildFile; fileRef = 30ED7BCF2A86982000834553 /* QuickActionClient.swift */; };
		30ED7BD22A86983200834553 /* QuickActionClient+Live.swift in Sources */ = {isa = PBXBuildFile; fileRef = 30ED7BD12A86983200834553 /* QuickActionClient+Live.swift */; };
		30ED7BD42A86983800834553 /* QuickActionClient+Mock.swift in Sources */ = {isa = PBXBuildFile; fileRef = 30ED7BD32A86983800834553 /* QuickActionClient+Mock.swift */; };
/* End PBXBuildFile section */

/* Begin PBXContainerItemProxy section */
		303D813E2A79504F0043B6C4 /* PBXContainerItemProxy */ = {
			isa = PBXContainerItemProxy;
			containerPortal = 303D81252A79504D0043B6C4 /* Project object */;
			proxyType = 1;
			remoteGlobalIDString = 303D812C2A79504D0043B6C4;
			remoteInfo = NTBanker;
		};
		303D81482A79504F0043B6C4 /* PBXContainerItemProxy */ = {
			isa = PBXContainerItemProxy;
			containerPortal = 303D81252A79504D0043B6C4 /* Project object */;
			proxyType = 1;
			remoteGlobalIDString = 303D812C2A79504D0043B6C4;
			remoteInfo = NTBanker;
		};
/* End PBXContainerItemProxy section */

/* Begin PBXFileReference section */
		3018D29A2A93E7420021EC27 /* SettingsView.swift */ = {isa = PBXFileReference; lastKnownFileType = sourcecode.swift; path = SettingsView.swift; sourceTree = "<group>"; };
		3018D29C2A93EF630021EC27 /* SettingsFeature.swift */ = {isa = PBXFileReference; lastKnownFileType = sourcecode.swift; path = SettingsFeature.swift; sourceTree = "<group>"; };
		3018D29E2A93EF790021EC27 /* SettingsClient.swift */ = {isa = PBXFileReference; lastKnownFileType = sourcecode.swift; path = SettingsClient.swift; sourceTree = "<group>"; };
		3018D2A02A93EF950021EC27 /* SettingsClient+Live.swift */ = {isa = PBXFileReference; lastKnownFileType = sourcecode.swift; path = "SettingsClient+Live.swift"; sourceTree = "<group>"; };
		3018D2A22A93EFC40021EC27 /* SettingsClient+Mock.swift */ = {isa = PBXFileReference; lastKnownFileType = sourcecode.swift; path = "SettingsClient+Mock.swift"; sourceTree = "<group>"; };
		302159682A7C33B2008C92A3 /* SFSymbols.swift */ = {isa = PBXFileReference; lastKnownFileType = sourcecode.swift; path = SFSymbols.swift; sourceTree = "<group>"; };
		3021596C2A7D8145008C92A3 /* Localizable.xcstrings */ = {isa = PBXFileReference; lastKnownFileType = text.json.xcstrings; path = Localizable.xcstrings; sourceTree = "<group>"; };
		302159752A7EA8E1008C92A3 /* LotteryView.swift */ = {isa = PBXFileReference; lastKnownFileType = sourcecode.swift; path = LotteryView.swift; sourceTree = "<group>"; };
		302159772A7EB41B008C92A3 /* NTLoadingButton.swift */ = {isa = PBXFileReference; lastKnownFileType = sourcecode.swift; path = NTLoadingButton.swift; sourceTree = "<group>"; };
		302159792A7EC3C3008C92A3 /* LotteryFeature.swift */ = {isa = PBXFileReference; lastKnownFileType = sourcecode.swift; path = LotteryFeature.swift; sourceTree = "<group>"; };
		3021597B2A7EC3D7008C92A3 /* LotteryClient.swift */ = {isa = PBXFileReference; lastKnownFileType = sourcecode.swift; path = LotteryClient.swift; sourceTree = "<group>"; };
		3021597E2A7ED4C9008C92A3 /* RankingView.swift */ = {isa = PBXFileReference; lastKnownFileType = sourcecode.swift; path = RankingView.swift; sourceTree = "<group>"; };
		30399D602A8DEBBB0083AC03 /* SendMoneyView.swift */ = {isa = PBXFileReference; lastKnownFileType = sourcecode.swift; path = SendMoneyView.swift; sourceTree = "<group>"; };
		3039F0EC2A8E9CA900FF9C1A /* SendMoneyFeature.swift */ = {isa = PBXFileReference; lastKnownFileType = sourcecode.swift; path = SendMoneyFeature.swift; sourceTree = "<group>"; };
		3039F0EE2A8E9CDE00FF9C1A /* SendMoneyClient.swift */ = {isa = PBXFileReference; lastKnownFileType = sourcecode.swift; path = SendMoneyClient.swift; sourceTree = "<group>"; };
		3039F0F02A8E9D4C00FF9C1A /* SendMoneyClient+Live.swift */ = {isa = PBXFileReference; lastKnownFileType = sourcecode.swift; path = "SendMoneyClient+Live.swift"; sourceTree = "<group>"; };
		3039F0F22A8E9D5200FF9C1A /* SendMoneyClient+Mock.swift */ = {isa = PBXFileReference; lastKnownFileType = sourcecode.swift; path = "SendMoneyClient+Mock.swift"; sourceTree = "<group>"; };
		3039F0FD2A90258400FF9C1A /* AuthenticationFeature.swift */ = {isa = PBXFileReference; lastKnownFileType = sourcecode.swift; path = AuthenticationFeature.swift; sourceTree = "<group>"; };
		3039F0FF2A9026EC00FF9C1A /* AuthenticationClient.swift */ = {isa = PBXFileReference; lastKnownFileType = sourcecode.swift; path = AuthenticationClient.swift; sourceTree = "<group>"; };
		3039F1042A9038C500FF9C1A /* AuthenticationClient+Live.swift */ = {isa = PBXFileReference; lastKnownFileType = sourcecode.swift; path = "AuthenticationClient+Live.swift"; sourceTree = "<group>"; };
		3039F1062A9038C900FF9C1A /* AuthenticationClient+Mock.swift */ = {isa = PBXFileReference; lastKnownFileType = sourcecode.swift; path = "AuthenticationClient+Mock.swift"; sourceTree = "<group>"; };
		303D812D2A79504D0043B6C4 /* NTBanker.app */ = {isa = PBXFileReference; explicitFileType = wrapper.application; includeInIndex = 0; path = NTBanker.app; sourceTree = BUILT_PRODUCTS_DIR; };
		303D81302A79504D0043B6C4 /* NTBankerApp.swift */ = {isa = PBXFileReference; lastKnownFileType = sourcecode.swift; path = NTBankerApp.swift; sourceTree = "<group>"; };
		303D81322A79504D0043B6C4 /* ContentView.swift */ = {isa = PBXFileReference; lastKnownFileType = sourcecode.swift; path = ContentView.swift; sourceTree = "<group>"; };
		303D81342A79504F0043B6C4 /* Assets.xcassets */ = {isa = PBXFileReference; lastKnownFileType = folder.assetcatalog; path = Assets.xcassets; sourceTree = "<group>"; };
		303D81372A79504F0043B6C4 /* Preview Assets.xcassets */ = {isa = PBXFileReference; lastKnownFileType = folder.assetcatalog; path = "Preview Assets.xcassets"; sourceTree = "<group>"; };
		303D813D2A79504F0043B6C4 /* NTBankerTests.xctest */ = {isa = PBXFileReference; explicitFileType = wrapper.cfbundle; includeInIndex = 0; path = NTBankerTests.xctest; sourceTree = BUILT_PRODUCTS_DIR; };
		303D81412A79504F0043B6C4 /* NTBankerTests.swift */ = {isa = PBXFileReference; lastKnownFileType = sourcecode.swift; path = NTBankerTests.swift; sourceTree = "<group>"; };
		303D81472A79504F0043B6C4 /* NTBankerUITests.xctest */ = {isa = PBXFileReference; explicitFileType = wrapper.cfbundle; includeInIndex = 0; path = NTBankerUITests.xctest; sourceTree = BUILT_PRODUCTS_DIR; };
		303D814B2A79504F0043B6C4 /* NTBankerUITests.swift */ = {isa = PBXFileReference; lastKnownFileType = sourcecode.swift; path = NTBankerUITests.swift; sourceTree = "<group>"; };
		303D814D2A79504F0043B6C4 /* NTBankerUITestsLaunchTests.swift */ = {isa = PBXFileReference; lastKnownFileType = sourcecode.swift; path = NTBankerUITestsLaunchTests.swift; sourceTree = "<group>"; };
		306B3E622A79579F00B86060 /* WelcomeView.swift */ = {isa = PBXFileReference; lastKnownFileType = sourcecode.swift; path = WelcomeView.swift; sourceTree = "<group>"; };
		306B3E712A79713F00B86060 /* LoginView.swift */ = {isa = PBXFileReference; lastKnownFileType = sourcecode.swift; path = LoginView.swift; sourceTree = "<group>"; };
		306B3E742A79717900B86060 /* NTLogoHeaderView.swift */ = {isa = PBXFileReference; lastKnownFileType = sourcecode.swift; path = NTLogoHeaderView.swift; sourceTree = "<group>"; };
		306B3E782A79754500B86060 /* NTTextfieldStyle.swift */ = {isa = PBXFileReference; lastKnownFileType = sourcecode.swift; path = NTTextfieldStyle.swift; sourceTree = "<group>"; };
		306B3E7D2A7985A800B86060 /* SignupView.swift */ = {isa = PBXFileReference; lastKnownFileType = sourcecode.swift; path = SignupView.swift; sourceTree = "<group>"; };
		306B3E802A79914E00B86060 /* SignupFeature.swift */ = {isa = PBXFileReference; lastKnownFileType = sourcecode.swift; path = SignupFeature.swift; sourceTree = "<group>"; };
		306FF8DB2A7F2D7200A913E5 /* HomeView.swift */ = {isa = PBXFileReference; lastKnownFileType = sourcecode.swift; path = HomeView.swift; sourceTree = "<group>"; };
		306FF8DD2A7F340200A913E5 /* QuickActionCardView.swift */ = {isa = PBXFileReference; lastKnownFileType = sourcecode.swift; path = QuickActionCardView.swift; sourceTree = "<group>"; };
		308CD2E72A93D4AF008B9389 /* AppClient.swift */ = {isa = PBXFileReference; lastKnownFileType = sourcecode.swift; path = AppClient.swift; sourceTree = "<group>"; };
		308CD2E92A93D4CE008B9389 /* AppClient+Live.swift */ = {isa = PBXFileReference; lastKnownFileType = sourcecode.swift; path = "AppClient+Live.swift"; sourceTree = "<group>"; };
		308CD2EB2A93D4F5008B9389 /* AppReducer.swift */ = {isa = PBXFileReference; lastKnownFileType = sourcecode.swift; path = AppReducer.swift; sourceTree = "<group>"; };
		308CD2ED2A93D52C008B9389 /* AppClient+Mock.swift */ = {isa = PBXFileReference; lastKnownFileType = sourcecode.swift; path = "AppClient+Mock.swift"; sourceTree = "<group>"; };
		309E50B92A8138FE00C5A4F2 /* QuickActionView.swift */ = {isa = PBXFileReference; lastKnownFileType = sourcecode.swift; path = QuickActionView.swift; sourceTree = "<group>"; };
		309E50BB2A813AC300C5A4F2 /* TransactionView.swift */ = {isa = PBXFileReference; lastKnownFileType = sourcecode.swift; path = TransactionView.swift; sourceTree = "<group>"; };
		309E50BD2A813E9000C5A4F2 /* NTSymbolView.swift */ = {isa = PBXFileReference; lastKnownFileType = sourcecode.swift; path = NTSymbolView.swift; sourceTree = "<group>"; };
		309E50BF2A813F2900C5A4F2 /* QuickAction.swift */ = {isa = PBXFileReference; lastKnownFileType = sourcecode.swift; path = QuickAction.swift; sourceTree = "<group>"; };
		309E50C12A81400700C5A4F2 /* Transaction.swift */ = {isa = PBXFileReference; lastKnownFileType = sourcecode.swift; path = Transaction.swift; sourceTree = "<group>"; };
		30A7FEBB2A79A03600912327 /* NTCardColorPickerView.swift */ = {isa = PBXFileReference; lastKnownFileType = sourcecode.swift; path = NTCardColorPickerView.swift; sourceTree = "<group>"; };
		30A7FEC42A7B3E2200912327 /* LoginFeature.swift */ = {isa = PBXFileReference; lastKnownFileType = sourcecode.swift; path = LoginFeature.swift; sourceTree = "<group>"; };
		30A7FED12A7BEE4C00912327 /* User.swift */ = {isa = PBXFileReference; lastKnownFileType = sourcecode.swift; path = User.swift; sourceTree = "<group>"; };
		30A7FED42A7BEE6400912327 /* CardColor.swift */ = {isa = PBXFileReference; lastKnownFileType = sourcecode.swift; path = CardColor.swift; sourceTree = "<group>"; };
		30D23DCC2A8D6677005F83A9 /* TransactionActionType.swift */ = {isa = PBXFileReference; lastKnownFileType = sourcecode.swift; path = TransactionActionType.swift; sourceTree = "<group>"; };
		30DE664C2A7EDF6100B2525B /* RankingFeature.swift */ = {isa = PBXFileReference; lastKnownFileType = sourcecode.swift; path = RankingFeature.swift; sourceTree = "<group>"; };
		30DE664E2A7EE04200B2525B /* RankingClient.swift */ = {isa = PBXFileReference; lastKnownFileType = sourcecode.swift; path = RankingClient.swift; sourceTree = "<group>"; };
		30DE66502A7EE7EE00B2525B /* NTCreditCardView.swift */ = {isa = PBXFileReference; lastKnownFileType = sourcecode.swift; path = NTCreditCardView.swift; sourceTree = "<group>"; };
		30ED62BC2A829BAF0016A880 /* HomeFeature.swift */ = {isa = PBXFileReference; lastKnownFileType = sourcecode.swift; path = HomeFeature.swift; sourceTree = "<group>"; };
		30ED62BE2A829BDC0016A880 /* HomeClient.swift */ = {isa = PBXFileReference; lastKnownFileType = sourcecode.swift; path = HomeClient.swift; sourceTree = "<group>"; };
		30ED62C02A829C6F0016A880 /* HomeClient+Live.swift */ = {isa = PBXFileReference; lastKnownFileType = sourcecode.swift; path = "HomeClient+Live.swift"; sourceTree = "<group>"; };
		30ED62C22A829CB90016A880 /* HomeClient+Mock.swift */ = {isa = PBXFileReference; lastKnownFileType = sourcecode.swift; path = "HomeClient+Mock.swift"; sourceTree = "<group>"; };
		30ED62C72A82C4DD0016A880 /* HomeTabView.swift */ = {isa = PBXFileReference; lastKnownFileType = sourcecode.swift; path = HomeTabView.swift; sourceTree = "<group>"; };
		30ED62D22A82DCBB0016A880 /* GoogleService-Info.plist */ = {isa = PBXFileReference; fileEncoding = 4; lastKnownFileType = text.plist.xml; path = "GoogleService-Info.plist"; sourceTree = "<group>"; };
		30ED62D62A83C82D0016A880 /* FirebaseStringType.swift */ = {isa = PBXFileReference; lastKnownFileType = sourcecode.swift; path = FirebaseStringType.swift; sourceTree = "<group>"; };
		30ED62DF2A852E880016A880 /* OSLogger+Extension.swift */ = {isa = PBXFileReference; lastKnownFileType = sourcecode.swift; path = "OSLogger+Extension.swift"; sourceTree = "<group>"; };
		30ED62E12A8541B70016A880 /* RankingClient+Live.swift */ = {isa = PBXFileReference; lastKnownFileType = sourcecode.swift; path = "RankingClient+Live.swift"; sourceTree = "<group>"; };
		30ED62E32A8541BE0016A880 /* RankingClient+Mock.swift */ = {isa = PBXFileReference; lastKnownFileType = sourcecode.swift; path = "RankingClient+Mock.swift"; sourceTree = "<group>"; };
		30ED62E52A8567EC0016A880 /* LotteryClient+Live.swift */ = {isa = PBXFileReference; lastKnownFileType = sourcecode.swift; path = "LotteryClient+Live.swift"; sourceTree = "<group>"; };
		30ED62E72A8567F40016A880 /* LotteryClient+Mock.swift */ = {isa = PBXFileReference; lastKnownFileType = sourcecode.swift; path = "LotteryClient+Mock.swift"; sourceTree = "<group>"; };
		30ED62E92A8572760016A880 /* NTError.swift */ = {isa = PBXFileReference; lastKnownFileType = sourcecode.swift; path = NTError.swift; sourceTree = "<group>"; };
		30ED7BC52A8690A500834553 /* TransactionFeature.swift */ = {isa = PBXFileReference; lastKnownFileType = sourcecode.swift; path = TransactionFeature.swift; sourceTree = "<group>"; };
		30ED7BC72A86911D00834553 /* TransactionClient.swift */ = {isa = PBXFileReference; lastKnownFileType = sourcecode.swift; path = TransactionClient.swift; sourceTree = "<group>"; };
		30ED7BC92A86912500834553 /* TransactionClient+Live.swift */ = {isa = PBXFileReference; lastKnownFileType = sourcecode.swift; path = "TransactionClient+Live.swift"; sourceTree = "<group>"; };
		30ED7BCB2A86912F00834553 /* TransactionClient+Mock.swift */ = {isa = PBXFileReference; lastKnownFileType = sourcecode.swift; path = "TransactionClient+Mock.swift"; sourceTree = "<group>"; };
		30ED7BCD2A86981B00834553 /* QuickActionFeature.swift */ = {isa = PBXFileReference; lastKnownFileType = sourcecode.swift; path = QuickActionFeature.swift; sourceTree = "<group>"; };
		30ED7BCF2A86982000834553 /* QuickActionClient.swift */ = {isa = PBXFileReference; lastKnownFileType = sourcecode.swift; path = QuickActionClient.swift; sourceTree = "<group>"; };
		30ED7BD12A86983200834553 /* QuickActionClient+Live.swift */ = {isa = PBXFileReference; lastKnownFileType = sourcecode.swift; path = "QuickActionClient+Live.swift"; sourceTree = "<group>"; };
		30ED7BD32A86983800834553 /* QuickActionClient+Mock.swift */ = {isa = PBXFileReference; lastKnownFileType = sourcecode.swift; path = "QuickActionClient+Mock.swift"; sourceTree = "<group>"; };
/* End PBXFileReference section */

/* Begin PBXFrameworksBuildPhase section */
		303D812A2A79504D0043B6C4 /* Frameworks */ = {
			isa = PBXFrameworksBuildPhase;
			buildActionMask = 2147483647;
			files = (
				306B3E5D2A7954A200B86060 /* ComposableArchitecture in Frameworks */,
				30ED62CB2A82CB9F0016A880 /* FirebaseAuth in Frameworks */,
				30ED62CD2A82CB9F0016A880 /* FirebaseFirestore in Frameworks */,
				30ED62CF2A82CB9F0016A880 /* FirebaseFirestoreSwift in Frameworks */,
			);
			runOnlyForDeploymentPostprocessing = 0;
		};
		303D813A2A79504F0043B6C4 /* Frameworks */ = {
			isa = PBXFrameworksBuildPhase;
			buildActionMask = 2147483647;
			files = (
			);
			runOnlyForDeploymentPostprocessing = 0;
		};
		303D81442A79504F0043B6C4 /* Frameworks */ = {
			isa = PBXFrameworksBuildPhase;
			buildActionMask = 2147483647;
			files = (
			);
			runOnlyForDeploymentPostprocessing = 0;
		};
/* End PBXFrameworksBuildPhase section */

/* Begin PBXGroup section */
		302159742A7EA8CE008C92A3 /* Lottery */ = {
			isa = PBXGroup;
			children = (
				302159752A7EA8E1008C92A3 /* LotteryView.swift */,
				302159792A7EC3C3008C92A3 /* LotteryFeature.swift */,
				3021597B2A7EC3D7008C92A3 /* LotteryClient.swift */,
				30ED62E52A8567EC0016A880 /* LotteryClient+Live.swift */,
				30ED62E72A8567F40016A880 /* LotteryClient+Mock.swift */,
			);
			path = Lottery;
			sourceTree = "<group>";
		};
		3021597D2A7ED476008C92A3 /* Ranking */ = {
			isa = PBXGroup;
			children = (
				3021597E2A7ED4C9008C92A3 /* RankingView.swift */,
				30DE664C2A7EDF6100B2525B /* RankingFeature.swift */,
				30DE664E2A7EE04200B2525B /* RankingClient.swift */,
				30ED62E12A8541B70016A880 /* RankingClient+Live.swift */,
				30ED62E32A8541BE0016A880 /* RankingClient+Mock.swift */,
			);
			path = Ranking;
			sourceTree = "<group>";
		};
		30399D5F2A8DEBAA0083AC03 /* SendMoney */ = {
			isa = PBXGroup;
			children = (
				30399D602A8DEBBB0083AC03 /* SendMoneyView.swift */,
				3039F0EC2A8E9CA900FF9C1A /* SendMoneyFeature.swift */,
				3039F0EE2A8E9CDE00FF9C1A /* SendMoneyClient.swift */,
				3039F0F02A8E9D4C00FF9C1A /* SendMoneyClient+Live.swift */,
				3039F0F22A8E9D5200FF9C1A /* SendMoneyClient+Mock.swift */,
			);
			path = SendMoney;
			sourceTree = "<group>";
		};
		3039F1012A902FCC00FF9C1A /* AuthenticationFlow */ = {
			isa = PBXGroup;
			children = (
				306B3E622A79579F00B86060 /* WelcomeView.swift */,
				3039F0FD2A90258400FF9C1A /* AuthenticationFeature.swift */,
				3039F0FF2A9026EC00FF9C1A /* AuthenticationClient.swift */,
				3039F1042A9038C500FF9C1A /* AuthenticationClient+Live.swift */,
				3039F1062A9038C900FF9C1A /* AuthenticationClient+Mock.swift */,
				3039F1022A9031A100FF9C1A /* Login */,
				3039F1032A9031A500FF9C1A /* Signup */,
			);
			path = AuthenticationFlow;
			sourceTree = "<group>";
		};
		3039F1022A9031A100FF9C1A /* Login */ = {
			isa = PBXGroup;
			children = (
				306B3E712A79713F00B86060 /* LoginView.swift */,
				30A7FEC42A7B3E2200912327 /* LoginFeature.swift */,
			);
			path = Login;
			sourceTree = "<group>";
		};
		3039F1032A9031A500FF9C1A /* Signup */ = {
			isa = PBXGroup;
			children = (
				306B3E7D2A7985A800B86060 /* SignupView.swift */,
				306B3E802A79914E00B86060 /* SignupFeature.swift */,
			);
			path = Signup;
			sourceTree = "<group>";
		};
		303D81242A79504D0043B6C4 = {
			isa = PBXGroup;
			children = (
				303D812F2A79504D0043B6C4 /* NTBanker */,
				303D81402A79504F0043B6C4 /* NTBankerTests */,
				303D814A2A79504F0043B6C4 /* NTBankerUITests */,
				303D812E2A79504D0043B6C4 /* Products */,
			);
			sourceTree = "<group>";
		};
		303D812E2A79504D0043B6C4 /* Products */ = {
			isa = PBXGroup;
			children = (
				303D812D2A79504D0043B6C4 /* NTBanker.app */,
				303D813D2A79504F0043B6C4 /* NTBankerTests.xctest */,
				303D81472A79504F0043B6C4 /* NTBankerUITests.xctest */,
			);
			name = Products;
			sourceTree = "<group>";
		};
		303D812F2A79504D0043B6C4 /* NTBanker */ = {
			isa = PBXGroup;
			children = (
				303D81302A79504D0043B6C4 /* NTBankerApp.swift */,
				303D81322A79504D0043B6C4 /* ContentView.swift */,
				306B3E682A795EF500B86060 /* Features */,
				30A7FED02A7BEE2A00912327 /* Models */,
				30A7FED32A7BEE5100912327 /* Types */,
				30ED62DE2A852E590016A880 /* Logger */,
				306B3E6C2A79707400B86060 /* Styles */,
				306B3E732A79716700B86060 /* Components */,
				303D81342A79504F0043B6C4 /* Assets.xcassets */,
				3021596C2A7D8145008C92A3 /* Localizable.xcstrings */,
				30ED62D22A82DCBB0016A880 /* GoogleService-Info.plist */,
				303D81362A79504F0043B6C4 /* Preview Content */,
			);
			path = NTBanker;
			sourceTree = "<group>";
		};
		303D81362A79504F0043B6C4 /* Preview Content */ = {
			isa = PBXGroup;
			children = (
				303D81372A79504F0043B6C4 /* Preview Assets.xcassets */,
			);
			path = "Preview Content";
			sourceTree = "<group>";
		};
		303D81402A79504F0043B6C4 /* NTBankerTests */ = {
			isa = PBXGroup;
			children = (
				303D81412A79504F0043B6C4 /* NTBankerTests.swift */,
			);
			path = NTBankerTests;
			sourceTree = "<group>";
		};
		303D814A2A79504F0043B6C4 /* NTBankerUITests */ = {
			isa = PBXGroup;
			children = (
				303D814B2A79504F0043B6C4 /* NTBankerUITests.swift */,
				303D814D2A79504F0043B6C4 /* NTBankerUITestsLaunchTests.swift */,
			);
			path = NTBankerUITests;
			sourceTree = "<group>";
		};
		306B3E682A795EF500B86060 /* Features */ = {
			isa = PBXGroup;
			children = (
				308CD2E62A93D4A1008B9389 /* App */,
				30ED62C62A82C49A0016A880 /* HomeTab */,
				3039F1012A902FCC00FF9C1A /* AuthenticationFlow */,
				306FF8DA2A7F2D6400A913E5 /* Home */,
				30ED7BC42A86907A00834553 /* QuickActions */,
				30399D5F2A8DEBAA0083AC03 /* SendMoney */,
				30ED7BC32A86906800834553 /* Transaction */,
				3021597D2A7ED476008C92A3 /* Ranking */,
				302159742A7EA8CE008C92A3 /* Lottery */,
				308CD2EF2A93E709008B9389 /* Settings */,
			);
			path = Features;
			sourceTree = "<group>";
		};
		306B3E6C2A79707400B86060 /* Styles */ = {
			isa = PBXGroup;
			children = (
				306B3E782A79754500B86060 /* NTTextfieldStyle.swift */,
			);
			path = Styles;
			sourceTree = "<group>";
		};
		306B3E732A79716700B86060 /* Components */ = {
			isa = PBXGroup;
			children = (
				306B3E742A79717900B86060 /* NTLogoHeaderView.swift */,
				30A7FEBB2A79A03600912327 /* NTCardColorPickerView.swift */,
				302159772A7EB41B008C92A3 /* NTLoadingButton.swift */,
				30DE66502A7EE7EE00B2525B /* NTCreditCardView.swift */,
				306FF8DD2A7F340200A913E5 /* QuickActionCardView.swift */,
				309E50BD2A813E9000C5A4F2 /* NTSymbolView.swift */,
			);
			path = Components;
			sourceTree = "<group>";
		};
		306FF8DA2A7F2D6400A913E5 /* Home */ = {
			isa = PBXGroup;
			children = (
				306FF8DB2A7F2D7200A913E5 /* HomeView.swift */,
				30ED62BC2A829BAF0016A880 /* HomeFeature.swift */,
				30ED62BE2A829BDC0016A880 /* HomeClient.swift */,
				30ED62C02A829C6F0016A880 /* HomeClient+Live.swift */,
				30ED62C22A829CB90016A880 /* HomeClient+Mock.swift */,
			);
			path = Home;
			sourceTree = "<group>";
		};
		308CD2E62A93D4A1008B9389 /* App */ = {
			isa = PBXGroup;
			children = (
				308CD2EB2A93D4F5008B9389 /* AppReducer.swift */,
				308CD2E72A93D4AF008B9389 /* AppClient.swift */,
				308CD2E92A93D4CE008B9389 /* AppClient+Live.swift */,
				308CD2ED2A93D52C008B9389 /* AppClient+Mock.swift */,
			);
			path = App;
			sourceTree = "<group>";
		};
		308CD2EF2A93E709008B9389 /* Settings */ = {
			isa = PBXGroup;
			children = (
				3018D29A2A93E7420021EC27 /* SettingsView.swift */,
				3018D29C2A93EF630021EC27 /* SettingsFeature.swift */,
				3018D29E2A93EF790021EC27 /* SettingsClient.swift */,
				3018D2A02A93EF950021EC27 /* SettingsClient+Live.swift */,
				3018D2A22A93EFC40021EC27 /* SettingsClient+Mock.swift */,
			);
			path = Settings;
			sourceTree = "<group>";
		};
		30A7FED02A7BEE2A00912327 /* Models */ = {
			isa = PBXGroup;
			children = (
				30A7FED12A7BEE4C00912327 /* User.swift */,
				309E50BF2A813F2900C5A4F2 /* QuickAction.swift */,
				309E50C12A81400700C5A4F2 /* Transaction.swift */,
				30ED62E92A8572760016A880 /* NTError.swift */,
			);
			path = Models;
			sourceTree = "<group>";
		};
		30A7FED32A7BEE5100912327 /* Types */ = {
			isa = PBXGroup;
			children = (
				30A7FED42A7BEE6400912327 /* CardColor.swift */,
				302159682A7C33B2008C92A3 /* SFSymbols.swift */,
				30ED62D62A83C82D0016A880 /* FirebaseStringType.swift */,
				30D23DCC2A8D6677005F83A9 /* TransactionActionType.swift */,
			);
			path = Types;
			sourceTree = "<group>";
		};
		30ED62C62A82C49A0016A880 /* HomeTab */ = {
			isa = PBXGroup;
			children = (
				30ED62C72A82C4DD0016A880 /* HomeTabView.swift */,
			);
			path = HomeTab;
			sourceTree = "<group>";
		};
		30ED62DE2A852E590016A880 /* Logger */ = {
			isa = PBXGroup;
			children = (
				30ED62DF2A852E880016A880 /* OSLogger+Extension.swift */,
			);
			path = Logger;
			sourceTree = "<group>";
		};
		30ED7BC32A86906800834553 /* Transaction */ = {
			isa = PBXGroup;
			children = (
				309E50BB2A813AC300C5A4F2 /* TransactionView.swift */,
				30ED7BC52A8690A500834553 /* TransactionFeature.swift */,
				30ED7BC72A86911D00834553 /* TransactionClient.swift */,
				30ED7BC92A86912500834553 /* TransactionClient+Live.swift */,
				30ED7BCB2A86912F00834553 /* TransactionClient+Mock.swift */,
			);
			path = Transaction;
			sourceTree = "<group>";
		};
		30ED7BC42A86907A00834553 /* QuickActions */ = {
			isa = PBXGroup;
			children = (
				309E50B92A8138FE00C5A4F2 /* QuickActionView.swift */,
				30ED7BCD2A86981B00834553 /* QuickActionFeature.swift */,
				30ED7BCF2A86982000834553 /* QuickActionClient.swift */,
				30ED7BD12A86983200834553 /* QuickActionClient+Live.swift */,
				30ED7BD32A86983800834553 /* QuickActionClient+Mock.swift */,
			);
			path = QuickActions;
			sourceTree = "<group>";
		};
/* End PBXGroup section */

/* Begin PBXNativeTarget section */
		303D812C2A79504D0043B6C4 /* NTBanker */ = {
			isa = PBXNativeTarget;
			buildConfigurationList = 303D81512A79504F0043B6C4 /* Build configuration list for PBXNativeTarget "NTBanker" */;
			buildPhases = (
				303D81292A79504D0043B6C4 /* Sources */,
				303D812A2A79504D0043B6C4 /* Frameworks */,
				303D812B2A79504D0043B6C4 /* Resources */,
			);
			buildRules = (
			);
			dependencies = (
			);
			name = NTBanker;
			packageProductDependencies = (
				306B3E5C2A7954A200B86060 /* ComposableArchitecture */,
				30ED62CA2A82CB9F0016A880 /* FirebaseAuth */,
				30ED62CC2A82CB9F0016A880 /* FirebaseFirestore */,
				30ED62CE2A82CB9F0016A880 /* FirebaseFirestoreSwift */,
			);
			productName = NTBanker;
			productReference = 303D812D2A79504D0043B6C4 /* NTBanker.app */;
			productType = "com.apple.product-type.application";
		};
		303D813C2A79504F0043B6C4 /* NTBankerTests */ = {
			isa = PBXNativeTarget;
			buildConfigurationList = 303D81542A79504F0043B6C4 /* Build configuration list for PBXNativeTarget "NTBankerTests" */;
			buildPhases = (
				303D81392A79504F0043B6C4 /* Sources */,
				303D813A2A79504F0043B6C4 /* Frameworks */,
				303D813B2A79504F0043B6C4 /* Resources */,
			);
			buildRules = (
			);
			dependencies = (
				303D813F2A79504F0043B6C4 /* PBXTargetDependency */,
			);
			name = NTBankerTests;
			productName = NTBankerTests;
			productReference = 303D813D2A79504F0043B6C4 /* NTBankerTests.xctest */;
			productType = "com.apple.product-type.bundle.unit-test";
		};
		303D81462A79504F0043B6C4 /* NTBankerUITests */ = {
			isa = PBXNativeTarget;
			buildConfigurationList = 303D81572A79504F0043B6C4 /* Build configuration list for PBXNativeTarget "NTBankerUITests" */;
			buildPhases = (
				303D81432A79504F0043B6C4 /* Sources */,
				303D81442A79504F0043B6C4 /* Frameworks */,
				303D81452A79504F0043B6C4 /* Resources */,
			);
			buildRules = (
			);
			dependencies = (
				303D81492A79504F0043B6C4 /* PBXTargetDependency */,
			);
			name = NTBankerUITests;
			productName = NTBankerUITests;
			productReference = 303D81472A79504F0043B6C4 /* NTBankerUITests.xctest */;
			productType = "com.apple.product-type.bundle.ui-testing";
		};
/* End PBXNativeTarget section */

/* Begin PBXProject section */
		303D81252A79504D0043B6C4 /* Project object */ = {
			isa = PBXProject;
			attributes = {
				BuildIndependentTargetsInParallel = 1;
				LastSwiftUpdateCheck = 1500;
				LastUpgradeCheck = 1510;
				TargetAttributes = {
					303D812C2A79504D0043B6C4 = {
						CreatedOnToolsVersion = 15.0;
					};
					303D813C2A79504F0043B6C4 = {
						CreatedOnToolsVersion = 15.0;
						TestTargetID = 303D812C2A79504D0043B6C4;
					};
					303D81462A79504F0043B6C4 = {
						CreatedOnToolsVersion = 15.0;
						TestTargetID = 303D812C2A79504D0043B6C4;
					};
				};
			};
			buildConfigurationList = 303D81282A79504D0043B6C4 /* Build configuration list for PBXProject "NTBanker" */;
			compatibilityVersion = "Xcode 14.0";
			developmentRegion = en;
			hasScannedForEncodings = 0;
			knownRegions = (
				en,
				Base,
				es,
			);
			mainGroup = 303D81242A79504D0043B6C4;
			packageReferences = (
				306B3E5B2A7954A200B86060 /* XCRemoteSwiftPackageReference "swift-composable-architecture" */,
				30ED62C92A82CB9F0016A880 /* XCRemoteSwiftPackageReference "firebase-ios-sdk" */,
			);
			productRefGroup = 303D812E2A79504D0043B6C4 /* Products */;
			projectDirPath = "";
			projectRoot = "";
			targets = (
				303D812C2A79504D0043B6C4 /* NTBanker */,
				303D813C2A79504F0043B6C4 /* NTBankerTests */,
				303D81462A79504F0043B6C4 /* NTBankerUITests */,
			);
		};
/* End PBXProject section */

/* Begin PBXResourcesBuildPhase section */
		303D812B2A79504D0043B6C4 /* Resources */ = {
			isa = PBXResourcesBuildPhase;
			buildActionMask = 2147483647;
			files = (
				303D81382A79504F0043B6C4 /* Preview Assets.xcassets in Resources */,
				30ED62D32A82DCBB0016A880 /* GoogleService-Info.plist in Resources */,
				303D81352A79504F0043B6C4 /* Assets.xcassets in Resources */,
				3021596D2A7D8145008C92A3 /* Localizable.xcstrings in Resources */,
			);
			runOnlyForDeploymentPostprocessing = 0;
		};
		303D813B2A79504F0043B6C4 /* Resources */ = {
			isa = PBXResourcesBuildPhase;
			buildActionMask = 2147483647;
			files = (
			);
			runOnlyForDeploymentPostprocessing = 0;
		};
		303D81452A79504F0043B6C4 /* Resources */ = {
			isa = PBXResourcesBuildPhase;
			buildActionMask = 2147483647;
			files = (
			);
			runOnlyForDeploymentPostprocessing = 0;
		};
/* End PBXResourcesBuildPhase section */

/* Begin PBXSourcesBuildPhase section */
		303D81292A79504D0043B6C4 /* Sources */ = {
			isa = PBXSourcesBuildPhase;
			buildActionMask = 2147483647;
			files = (
				30ED62EA2A8572760016A880 /* NTError.swift in Sources */,
				3039F0EF2A8E9CDE00FF9C1A /* SendMoneyClient.swift in Sources */,
				309E50BE2A813E9000C5A4F2 /* NTSymbolView.swift in Sources */,
				309E50C02A813F2900C5A4F2 /* QuickAction.swift in Sources */,
				3039F0FE2A90258400FF9C1A /* AuthenticationFeature.swift in Sources */,
				306B3E7E2A7985A800B86060 /* SignupView.swift in Sources */,
				30ED62E42A8541BE0016A880 /* RankingClient+Mock.swift in Sources */,
				30DE664F2A7EE04200B2525B /* RankingClient.swift in Sources */,
				3018D2A32A93EFC40021EC27 /* SettingsClient+Mock.swift in Sources */,
				3021597C2A7EC3D7008C92A3 /* LotteryClient.swift in Sources */,
				30ED7BC82A86911D00834553 /* TransactionClient.swift in Sources */,
				3039F1002A9026EC00FF9C1A /* AuthenticationClient.swift in Sources */,
				30ED7BCE2A86981B00834553 /* QuickActionFeature.swift in Sources */,
				30399D612A8DEBBB0083AC03 /* SendMoneyView.swift in Sources */,
				3018D29D2A93EF630021EC27 /* SettingsFeature.swift in Sources */,
				30DE66512A7EE7EE00B2525B /* NTCreditCardView.swift in Sources */,
				308CD2EA2A93D4CE008B9389 /* AppClient+Live.swift in Sources */,
				30ED7BD02A86982000834553 /* QuickActionClient.swift in Sources */,
				30A7FED52A7BEE6400912327 /* CardColor.swift in Sources */,
				30ED62D72A83C82D0016A880 /* FirebaseStringType.swift in Sources */,
				303D81332A79504D0043B6C4 /* ContentView.swift in Sources */,
				309E50BC2A813AC300C5A4F2 /* TransactionView.swift in Sources */,
				3039F1052A9038C500FF9C1A /* AuthenticationClient+Live.swift in Sources */,
				3018D29B2A93E7420021EC27 /* SettingsView.swift in Sources */,
				30D23DCD2A8D6677005F83A9 /* TransactionActionType.swift in Sources */,
				308CD2E82A93D4AF008B9389 /* AppClient.swift in Sources */,
				30A7FEC52A7B3E2200912327 /* LoginFeature.swift in Sources */,
				3021597A2A7EC3C3008C92A3 /* LotteryFeature.swift in Sources */,
				302159782A7EB41B008C92A3 /* NTLoadingButton.swift in Sources */,
				309E50C22A81400700C5A4F2 /* Transaction.swift in Sources */,
				30ED7BD22A86983200834553 /* QuickActionClient+Live.swift in Sources */,
				3039F0F12A8E9D4C00FF9C1A /* SendMoneyClient+Live.swift in Sources */,
				303D81312A79504D0043B6C4 /* NTBankerApp.swift in Sources */,
				30DE664D2A7EDF6100B2525B /* RankingFeature.swift in Sources */,
				308CD2EC2A93D4F5008B9389 /* AppReducer.swift in Sources */,
				3039F0ED2A8E9CA900FF9C1A /* SendMoneyFeature.swift in Sources */,
				306B3E752A79717900B86060 /* NTLogoHeaderView.swift in Sources */,
				308CD2EE2A93D52C008B9389 /* AppClient+Mock.swift in Sources */,
				3039F0F32A8E9D5200FF9C1A /* SendMoneyClient+Mock.swift in Sources */,
				30ED7BCA2A86912500834553 /* TransactionClient+Live.swift in Sources */,
				306B3E812A79914E00B86060 /* SignupFeature.swift in Sources */,
				3039F1072A9038C900FF9C1A /* AuthenticationClient+Mock.swift in Sources */,
				30ED62BF2A829BDC0016A880 /* HomeClient.swift in Sources */,
				30A7FED22A7BEE4C00912327 /* User.swift in Sources */,
				30A7FEBC2A79A03600912327 /* NTCardColorPickerView.swift in Sources */,
				306B3E792A79754500B86060 /* NTTextfieldStyle.swift in Sources */,
				30ED62E02A852E880016A880 /* OSLogger+Extension.swift in Sources */,
				306FF8DE2A7F340200A913E5 /* QuickActionCardView.swift in Sources */,
				3018D2A12A93EF950021EC27 /* SettingsClient+Live.swift in Sources */,
				30ED7BCC2A86912F00834553 /* TransactionClient+Mock.swift in Sources */,
				302159692A7C33B2008C92A3 /* SFSymbols.swift in Sources */,
				306B3E722A79713F00B86060 /* LoginView.swift in Sources */,
				30ED7BD42A86983800834553 /* QuickActionClient+Mock.swift in Sources */,
				3021597F2A7ED4C9008C92A3 /* RankingView.swift in Sources */,
				30ED7BC62A8690A500834553 /* TransactionFeature.swift in Sources */,
				30ED62C32A829CB90016A880 /* HomeClient+Mock.swift in Sources */,
				306FF8DC2A7F2D7200A913E5 /* HomeView.swift in Sources */,
				30ED62E82A8567F40016A880 /* LotteryClient+Mock.swift in Sources */,
				306B3E632A79579F00B86060 /* WelcomeView.swift in Sources */,
				30ED62E62A8567EC0016A880 /* LotteryClient+Live.swift in Sources */,
				30ED62E22A8541B70016A880 /* RankingClient+Live.swift in Sources */,
				3018D29F2A93EF790021EC27 /* SettingsClient.swift in Sources */,
				309E50BA2A8138FE00C5A4F2 /* QuickActionView.swift in Sources */,
				30ED62BD2A829BAF0016A880 /* HomeFeature.swift in Sources */,
				30ED62C82A82C4DD0016A880 /* HomeTabView.swift in Sources */,
				30ED62C12A829C6F0016A880 /* HomeClient+Live.swift in Sources */,
				302159762A7EA8E1008C92A3 /* LotteryView.swift in Sources */,
			);
			runOnlyForDeploymentPostprocessing = 0;
		};
		303D81392A79504F0043B6C4 /* Sources */ = {
			isa = PBXSourcesBuildPhase;
			buildActionMask = 2147483647;
			files = (
				303D81422A79504F0043B6C4 /* NTBankerTests.swift in Sources */,
			);
			runOnlyForDeploymentPostprocessing = 0;
		};
		303D81432A79504F0043B6C4 /* Sources */ = {
			isa = PBXSourcesBuildPhase;
			buildActionMask = 2147483647;
			files = (
				303D814E2A79504F0043B6C4 /* NTBankerUITestsLaunchTests.swift in Sources */,
				303D814C2A79504F0043B6C4 /* NTBankerUITests.swift in Sources */,
			);
			runOnlyForDeploymentPostprocessing = 0;
		};
/* End PBXSourcesBuildPhase section */

/* Begin PBXTargetDependency section */
		303D813F2A79504F0043B6C4 /* PBXTargetDependency */ = {
			isa = PBXTargetDependency;
			target = 303D812C2A79504D0043B6C4 /* NTBanker */;
			targetProxy = 303D813E2A79504F0043B6C4 /* PBXContainerItemProxy */;
		};
		303D81492A79504F0043B6C4 /* PBXTargetDependency */ = {
			isa = PBXTargetDependency;
			target = 303D812C2A79504D0043B6C4 /* NTBanker */;
			targetProxy = 303D81482A79504F0043B6C4 /* PBXContainerItemProxy */;
		};
/* End PBXTargetDependency section */

/* Begin XCBuildConfiguration section */
		303D814F2A79504F0043B6C4 /* Debug */ = {
			isa = XCBuildConfiguration;
			buildSettings = {
				ALWAYS_SEARCH_USER_PATHS = NO;
				ASSETCATALOG_COMPILER_GENERATE_SWIFT_ASSET_SYMBOL_EXTENSIONS = YES;
				CLANG_ANALYZER_LOCALIZABILITY_NONLOCALIZED = YES;
				CLANG_ANALYZER_NONNULL = YES;
				CLANG_ANALYZER_NUMBER_OBJECT_CONVERSION = YES_AGGRESSIVE;
				CLANG_CXX_LANGUAGE_STANDARD = "gnu++20";
				CLANG_ENABLE_MODULES = YES;
				CLANG_ENABLE_OBJC_ARC = YES;
				CLANG_ENABLE_OBJC_WEAK = YES;
				CLANG_WARN_BLOCK_CAPTURE_AUTORELEASING = YES;
				CLANG_WARN_BOOL_CONVERSION = YES;
				CLANG_WARN_COMMA = YES;
				CLANG_WARN_CONSTANT_CONVERSION = YES;
				CLANG_WARN_DEPRECATED_OBJC_IMPLEMENTATIONS = YES;
				CLANG_WARN_DIRECT_OBJC_ISA_USAGE = YES_ERROR;
				CLANG_WARN_DOCUMENTATION_COMMENTS = YES;
				CLANG_WARN_EMPTY_BODY = YES;
				CLANG_WARN_ENUM_CONVERSION = YES;
				CLANG_WARN_INFINITE_RECURSION = YES;
				CLANG_WARN_INT_CONVERSION = YES;
				CLANG_WARN_NON_LITERAL_NULL_CONVERSION = YES;
				CLANG_WARN_OBJC_IMPLICIT_RETAIN_SELF = YES;
				CLANG_WARN_OBJC_LITERAL_CONVERSION = YES;
				CLANG_WARN_OBJC_ROOT_CLASS = YES_ERROR;
				CLANG_WARN_QUOTED_INCLUDE_IN_FRAMEWORK_HEADER = YES;
				CLANG_WARN_RANGE_LOOP_ANALYSIS = YES;
				CLANG_WARN_STRICT_PROTOTYPES = YES;
				CLANG_WARN_SUSPICIOUS_MOVE = YES;
				CLANG_WARN_UNGUARDED_AVAILABILITY = YES_AGGRESSIVE;
				CLANG_WARN_UNREACHABLE_CODE = YES;
				CLANG_WARN__DUPLICATE_METHOD_MATCH = YES;
				COPY_PHASE_STRIP = NO;
				DEBUG_INFORMATION_FORMAT = dwarf;
				ENABLE_STRICT_OBJC_MSGSEND = YES;
				ENABLE_TESTABILITY = YES;
				ENABLE_USER_SCRIPT_SANDBOXING = YES;
				GCC_C_LANGUAGE_STANDARD = gnu17;
				GCC_DYNAMIC_NO_PIC = NO;
				GCC_NO_COMMON_BLOCKS = YES;
				GCC_OPTIMIZATION_LEVEL = 0;
				GCC_PREPROCESSOR_DEFINITIONS = (
					"DEBUG=1",
					"$(inherited)",
				);
				GCC_WARN_64_TO_32_BIT_CONVERSION = YES;
				GCC_WARN_ABOUT_RETURN_TYPE = YES_ERROR;
				GCC_WARN_UNDECLARED_SELECTOR = YES;
				GCC_WARN_UNINITIALIZED_AUTOS = YES_AGGRESSIVE;
				GCC_WARN_UNUSED_FUNCTION = YES;
				GCC_WARN_UNUSED_VARIABLE = YES;
				IPHONEOS_DEPLOYMENT_TARGET = 17.0;
				LOCALIZATION_PREFERS_STRING_CATALOGS = YES;
				MTL_ENABLE_DEBUG_INFO = INCLUDE_SOURCE;
				MTL_FAST_MATH = YES;
				ONLY_ACTIVE_ARCH = YES;
				SDKROOT = iphoneos;
				SWIFT_ACTIVE_COMPILATION_CONDITIONS = "DEBUG $(inherited)";
				SWIFT_OPTIMIZATION_LEVEL = "-Onone";
			};
			name = Debug;
		};
		303D81502A79504F0043B6C4 /* Release */ = {
			isa = XCBuildConfiguration;
			buildSettings = {
				ALWAYS_SEARCH_USER_PATHS = NO;
				ASSETCATALOG_COMPILER_GENERATE_SWIFT_ASSET_SYMBOL_EXTENSIONS = YES;
				CLANG_ANALYZER_LOCALIZABILITY_NONLOCALIZED = YES;
				CLANG_ANALYZER_NONNULL = YES;
				CLANG_ANALYZER_NUMBER_OBJECT_CONVERSION = YES_AGGRESSIVE;
				CLANG_CXX_LANGUAGE_STANDARD = "gnu++20";
				CLANG_ENABLE_MODULES = YES;
				CLANG_ENABLE_OBJC_ARC = YES;
				CLANG_ENABLE_OBJC_WEAK = YES;
				CLANG_WARN_BLOCK_CAPTURE_AUTORELEASING = YES;
				CLANG_WARN_BOOL_CONVERSION = YES;
				CLANG_WARN_COMMA = YES;
				CLANG_WARN_CONSTANT_CONVERSION = YES;
				CLANG_WARN_DEPRECATED_OBJC_IMPLEMENTATIONS = YES;
				CLANG_WARN_DIRECT_OBJC_ISA_USAGE = YES_ERROR;
				CLANG_WARN_DOCUMENTATION_COMMENTS = YES;
				CLANG_WARN_EMPTY_BODY = YES;
				CLANG_WARN_ENUM_CONVERSION = YES;
				CLANG_WARN_INFINITE_RECURSION = YES;
				CLANG_WARN_INT_CONVERSION = YES;
				CLANG_WARN_NON_LITERAL_NULL_CONVERSION = YES;
				CLANG_WARN_OBJC_IMPLICIT_RETAIN_SELF = YES;
				CLANG_WARN_OBJC_LITERAL_CONVERSION = YES;
				CLANG_WARN_OBJC_ROOT_CLASS = YES_ERROR;
				CLANG_WARN_QUOTED_INCLUDE_IN_FRAMEWORK_HEADER = YES;
				CLANG_WARN_RANGE_LOOP_ANALYSIS = YES;
				CLANG_WARN_STRICT_PROTOTYPES = YES;
				CLANG_WARN_SUSPICIOUS_MOVE = YES;
				CLANG_WARN_UNGUARDED_AVAILABILITY = YES_AGGRESSIVE;
				CLANG_WARN_UNREACHABLE_CODE = YES;
				CLANG_WARN__DUPLICATE_METHOD_MATCH = YES;
				COPY_PHASE_STRIP = NO;
				DEBUG_INFORMATION_FORMAT = "dwarf-with-dsym";
				ENABLE_NS_ASSERTIONS = NO;
				ENABLE_STRICT_OBJC_MSGSEND = YES;
				ENABLE_USER_SCRIPT_SANDBOXING = YES;
				GCC_C_LANGUAGE_STANDARD = gnu17;
				GCC_NO_COMMON_BLOCKS = YES;
				GCC_WARN_64_TO_32_BIT_CONVERSION = YES;
				GCC_WARN_ABOUT_RETURN_TYPE = YES_ERROR;
				GCC_WARN_UNDECLARED_SELECTOR = YES;
				GCC_WARN_UNINITIALIZED_AUTOS = YES_AGGRESSIVE;
				GCC_WARN_UNUSED_FUNCTION = YES;
				GCC_WARN_UNUSED_VARIABLE = YES;
				IPHONEOS_DEPLOYMENT_TARGET = 17.0;
				LOCALIZATION_PREFERS_STRING_CATALOGS = YES;
				MTL_ENABLE_DEBUG_INFO = NO;
				MTL_FAST_MATH = YES;
				SDKROOT = iphoneos;
				SWIFT_COMPILATION_MODE = wholemodule;
				VALIDATE_PRODUCT = YES;
			};
			name = Release;
		};
		303D81522A79504F0043B6C4 /* Debug */ = {
			isa = XCBuildConfiguration;
			buildSettings = {
				ASSETCATALOG_COMPILER_APPICON_NAME = AppIcon;
				ASSETCATALOG_COMPILER_GLOBAL_ACCENT_COLOR_NAME = AccentColor;
				CODE_SIGN_STYLE = Automatic;
				CURRENT_PROJECT_VERSION = 1;
				DEVELOPMENT_ASSET_PATHS = "\"NTBanker/Preview Content\"";
				DEVELOPMENT_TEAM = NSQZZ8NU6Y;
				ENABLE_PREVIEWS = YES;
				GENERATE_INFOPLIST_FILE = YES;
				INFOPLIST_KEY_UIApplicationSceneManifest_Generation = YES;
				INFOPLIST_KEY_UIApplicationSupportsIndirectInputEvents = YES;
				INFOPLIST_KEY_UILaunchScreen_Generation = YES;
				INFOPLIST_KEY_UISupportedInterfaceOrientations = UIInterfaceOrientationPortrait;
				INFOPLIST_KEY_UISupportedInterfaceOrientations_iPad = "UIInterfaceOrientationLandscapeLeft UIInterfaceOrientationLandscapeRight UIInterfaceOrientationPortrait UIInterfaceOrientationPortraitUpsideDown";
				LD_RUNPATH_SEARCH_PATHS = (
					"$(inherited)",
					"@executable_path/Frameworks",
				);
				MARKETING_VERSION = 1.0;
				PRODUCT_BUNDLE_IDENTIFIER = com.javiermunoz.NTBanker;
				PRODUCT_NAME = "$(TARGET_NAME)";
				SUPPORTED_PLATFORMS = "iphoneos iphonesimulator";
				SUPPORTS_MACCATALYST = NO;
				SUPPORTS_MAC_DESIGNED_FOR_IPHONE_IPAD = NO;
				SUPPORTS_XR_DESIGNED_FOR_IPHONE_IPAD = NO;
				SWIFT_EMIT_LOC_STRINGS = YES;
				SWIFT_VERSION = 5.0;
				TARGETED_DEVICE_FAMILY = 1;
			};
			name = Debug;
		};
		303D81532A79504F0043B6C4 /* Release */ = {
			isa = XCBuildConfiguration;
			buildSettings = {
				ASSETCATALOG_COMPILER_APPICON_NAME = AppIcon;
				ASSETCATALOG_COMPILER_GLOBAL_ACCENT_COLOR_NAME = AccentColor;
				CODE_SIGN_STYLE = Automatic;
				CURRENT_PROJECT_VERSION = 1;
				DEVELOPMENT_ASSET_PATHS = "\"NTBanker/Preview Content\"";
				DEVELOPMENT_TEAM = NSQZZ8NU6Y;
				ENABLE_PREVIEWS = YES;
				GENERATE_INFOPLIST_FILE = YES;
				INFOPLIST_KEY_UIApplicationSceneManifest_Generation = YES;
				INFOPLIST_KEY_UIApplicationSupportsIndirectInputEvents = YES;
				INFOPLIST_KEY_UILaunchScreen_Generation = YES;
				INFOPLIST_KEY_UISupportedInterfaceOrientations = UIInterfaceOrientationPortrait;
				INFOPLIST_KEY_UISupportedInterfaceOrientations_iPad = "UIInterfaceOrientationLandscapeLeft UIInterfaceOrientationLandscapeRight UIInterfaceOrientationPortrait UIInterfaceOrientationPortraitUpsideDown";
				LD_RUNPATH_SEARCH_PATHS = (
					"$(inherited)",
					"@executable_path/Frameworks",
				);
				MARKETING_VERSION = 1.0;
				PRODUCT_BUNDLE_IDENTIFIER = com.javiermunoz.NTBanker;
				PRODUCT_NAME = "$(TARGET_NAME)";
				SUPPORTED_PLATFORMS = "iphoneos iphonesimulator";
				SUPPORTS_MACCATALYST = NO;
				SUPPORTS_MAC_DESIGNED_FOR_IPHONE_IPAD = NO;
				SUPPORTS_XR_DESIGNED_FOR_IPHONE_IPAD = NO;
				SWIFT_EMIT_LOC_STRINGS = YES;
				SWIFT_VERSION = 5.0;
				TARGETED_DEVICE_FAMILY = 1;
			};
			name = Release;
		};
		303D81552A79504F0043B6C4 /* Debug */ = {
			isa = XCBuildConfiguration;
			buildSettings = {
				ALWAYS_EMBED_SWIFT_STANDARD_LIBRARIES = YES;
				BUNDLE_LOADER = "$(TEST_HOST)";
				CODE_SIGN_STYLE = Automatic;
				CURRENT_PROJECT_VERSION = 1;
				DEVELOPMENT_TEAM = NSQZZ8NU6Y;
				GENERATE_INFOPLIST_FILE = YES;
				IPHONEOS_DEPLOYMENT_TARGET = 17.0;
				MARKETING_VERSION = 1.0;
				PRODUCT_BUNDLE_IDENTIFIER = com.javiermunoz.NTBankerTests;
				PRODUCT_NAME = "$(TARGET_NAME)";
				SWIFT_EMIT_LOC_STRINGS = NO;
				SWIFT_VERSION = 5.0;
				TARGETED_DEVICE_FAMILY = "1,2";
				TEST_HOST = "$(BUILT_PRODUCTS_DIR)/NTBanker.app/$(BUNDLE_EXECUTABLE_FOLDER_PATH)/NTBanker";
			};
			name = Debug;
		};
		303D81562A79504F0043B6C4 /* Release */ = {
			isa = XCBuildConfiguration;
			buildSettings = {
				ALWAYS_EMBED_SWIFT_STANDARD_LIBRARIES = YES;
				BUNDLE_LOADER = "$(TEST_HOST)";
				CODE_SIGN_STYLE = Automatic;
				CURRENT_PROJECT_VERSION = 1;
				DEVELOPMENT_TEAM = NSQZZ8NU6Y;
				GENERATE_INFOPLIST_FILE = YES;
				IPHONEOS_DEPLOYMENT_TARGET = 17.0;
				MARKETING_VERSION = 1.0;
				PRODUCT_BUNDLE_IDENTIFIER = com.javiermunoz.NTBankerTests;
				PRODUCT_NAME = "$(TARGET_NAME)";
				SWIFT_EMIT_LOC_STRINGS = NO;
				SWIFT_VERSION = 5.0;
				TARGETED_DEVICE_FAMILY = "1,2";
				TEST_HOST = "$(BUILT_PRODUCTS_DIR)/NTBanker.app/$(BUNDLE_EXECUTABLE_FOLDER_PATH)/NTBanker";
			};
			name = Release;
		};
		303D81582A79504F0043B6C4 /* Debug */ = {
			isa = XCBuildConfiguration;
			buildSettings = {
				ALWAYS_EMBED_SWIFT_STANDARD_LIBRARIES = YES;
				CODE_SIGN_STYLE = Automatic;
				CURRENT_PROJECT_VERSION = 1;
				DEVELOPMENT_TEAM = NSQZZ8NU6Y;
				GENERATE_INFOPLIST_FILE = YES;
				MARKETING_VERSION = 1.0;
				PRODUCT_BUNDLE_IDENTIFIER = com.javiermunoz.NTBankerUITests;
				PRODUCT_NAME = "$(TARGET_NAME)";
				SWIFT_EMIT_LOC_STRINGS = NO;
				SWIFT_VERSION = 5.0;
				TARGETED_DEVICE_FAMILY = "1,2";
				TEST_TARGET_NAME = NTBanker;
			};
			name = Debug;
		};
		303D81592A79504F0043B6C4 /* Release */ = {
			isa = XCBuildConfiguration;
			buildSettings = {
				ALWAYS_EMBED_SWIFT_STANDARD_LIBRARIES = YES;
				CODE_SIGN_STYLE = Automatic;
				CURRENT_PROJECT_VERSION = 1;
				DEVELOPMENT_TEAM = NSQZZ8NU6Y;
				GENERATE_INFOPLIST_FILE = YES;
				MARKETING_VERSION = 1.0;
				PRODUCT_BUNDLE_IDENTIFIER = com.javiermunoz.NTBankerUITests;
				PRODUCT_NAME = "$(TARGET_NAME)";
				SWIFT_EMIT_LOC_STRINGS = NO;
				SWIFT_VERSION = 5.0;
				TARGETED_DEVICE_FAMILY = "1,2";
				TEST_TARGET_NAME = NTBanker;
			};
			name = Release;
		};
/* End XCBuildConfiguration section */

/* Begin XCConfigurationList section */
		303D81282A79504D0043B6C4 /* Build configuration list for PBXProject "NTBanker" */ = {
			isa = XCConfigurationList;
			buildConfigurations = (
				303D814F2A79504F0043B6C4 /* Debug */,
				303D81502A79504F0043B6C4 /* Release */,
			);
			defaultConfigurationIsVisible = 0;
			defaultConfigurationName = Release;
		};
		303D81512A79504F0043B6C4 /* Build configuration list for PBXNativeTarget "NTBanker" */ = {
			isa = XCConfigurationList;
			buildConfigurations = (
				303D81522A79504F0043B6C4 /* Debug */,
				303D81532A79504F0043B6C4 /* Release */,
			);
			defaultConfigurationIsVisible = 0;
			defaultConfigurationName = Release;
		};
		303D81542A79504F0043B6C4 /* Build configuration list for PBXNativeTarget "NTBankerTests" */ = {
			isa = XCConfigurationList;
			buildConfigurations = (
				303D81552A79504F0043B6C4 /* Debug */,
				303D81562A79504F0043B6C4 /* Release */,
			);
			defaultConfigurationIsVisible = 0;
			defaultConfigurationName = Release;
		};
		303D81572A79504F0043B6C4 /* Build configuration list for PBXNativeTarget "NTBankerUITests" */ = {
			isa = XCConfigurationList;
			buildConfigurations = (
				303D81582A79504F0043B6C4 /* Debug */,
				303D81592A79504F0043B6C4 /* Release */,
			);
			defaultConfigurationIsVisible = 0;
			defaultConfigurationName = Release;
		};
/* End XCConfigurationList section */

/* Begin XCRemoteSwiftPackageReference section */
		306B3E5B2A7954A200B86060 /* XCRemoteSwiftPackageReference "swift-composable-architecture" */ = {
			isa = XCRemoteSwiftPackageReference;
			repositoryURL = "https://github.com/pointfreeco/swift-composable-architecture";
			requirement = {
				branch = "observation-beta";
				kind = branch;
			};
		};
		30ED62C92A82CB9F0016A880 /* XCRemoteSwiftPackageReference "firebase-ios-sdk" */ = {
			isa = XCRemoteSwiftPackageReference;
			repositoryURL = "https://github.com/firebase/firebase-ios-sdk";
			requirement = {
				kind = upToNextMajorVersion;
				minimumVersion = 10.13.0;
			};
		};
/* End XCRemoteSwiftPackageReference section */

/* Begin XCSwiftPackageProductDependency section */
		306B3E5C2A7954A200B86060 /* ComposableArchitecture */ = {
			isa = XCSwiftPackageProductDependency;
			package = 306B3E5B2A7954A200B86060 /* XCRemoteSwiftPackageReference "swift-composable-architecture" */;
			productName = ComposableArchitecture;
		};
		30ED62CA2A82CB9F0016A880 /* FirebaseAuth */ = {
			isa = XCSwiftPackageProductDependency;
			package = 30ED62C92A82CB9F0016A880 /* XCRemoteSwiftPackageReference "firebase-ios-sdk" */;
			productName = FirebaseAuth;
		};
		30ED62CC2A82CB9F0016A880 /* FirebaseFirestore */ = {
			isa = XCSwiftPackageProductDependency;
			package = 30ED62C92A82CB9F0016A880 /* XCRemoteSwiftPackageReference "firebase-ios-sdk" */;
			productName = FirebaseFirestore;
		};
		30ED62CE2A82CB9F0016A880 /* FirebaseFirestoreSwift */ = {
			isa = XCSwiftPackageProductDependency;
			package = 30ED62C92A82CB9F0016A880 /* XCRemoteSwiftPackageReference "firebase-ios-sdk" */;
			productName = FirebaseFirestoreSwift;
		};
/* End XCSwiftPackageProductDependency section */
	};
	rootObject = 303D81252A79504D0043B6C4 /* Project object */;
}
